id: crates/termlink-cli/src/test_env_lock.rs
name: test_env_lock
type: module
subsystem: cli
location: crates/termlink-cli/src/test_env_lock.rs
tags:
- testing
- thread-safety
purpose: Crate-wide serialization primitive for tests that mutate process-global state (env::set_current_dir, env::set_var
  "HOME"). Prevents flaky parallel-test races on non-thread-safe OS APIs.
depends_on: []
depended_by:
- target: crates/termlink-cli/src/main.rs
  type: called_by
last_verified: 2026-04-18
created_by: unknown
last_enriched: '2026-04-21'
